// !$*UTF8*$!
{
	archiveVersion = 1;
	classes = {
	};
	objectVersion = 56;
	objects = {

/* Begin PBXBuildFile section */
		03194D392B0BB2B500E7BB92 /* ChatViewController.swift in Sources */ = {isa = PBXBuildFile; fileRef = 03194D382B0BB2B500E7BB92 /* ChatViewController.swift */; };
		03194D3B2B0BB33600E7BB92 /* ChatTextTableViewCell.swift in Sources */ = {isa = PBXBuildFile; fileRef = 03194D3A2B0BB33600E7BB92 /* ChatTextTableViewCell.swift */; };
		033B9EA82B14806B00806675 /* Friends.swift in Sources */ = {isa = PBXBuildFile; fileRef = 033B9EA72B14806B00806675 /* Friends.swift */; };
		033B9EAE2B14AD7B00806675 /* UIImageView+Extension.swift in Sources */ = {isa = PBXBuildFile; fileRef = 033B9EAD2B14AD7B00806675 /* UIImageView+Extension.swift */; };
		033B9EB02B14D29500806675 /* Groups.swift in Sources */ = {isa = PBXBuildFile; fileRef = 033B9EAF2B14D29500806675 /* Groups.swift */; };
		033B9EB22B14D95700806675 /* Photo.swift in Sources */ = {isa = PBXBuildFile; fileRef = 033B9EB12B14D95700806675 /* Photo.swift */; };
		034D93402B0E2B1200699010 /* VKApi.swift in Sources */ = {isa = PBXBuildFile; fileRef = 034D933F2B0E2B1200699010 /* VKApi.swift */; };
		03AA61E42B0B98C2003DCBB1 /* FriendsViewController.swift in Sources */ = {isa = PBXBuildFile; fileRef = 03AA61E32B0B98C2003DCBB1 /* FriendsViewController.swift */; };
		03AA61E62B0B98D5003DCBB1 /* GroupsViewController.swift in Sources */ = {isa = PBXBuildFile; fileRef = 03AA61E52B0B98D5003DCBB1 /* GroupsViewController.swift */; };
		03AA61E82B0B98E5003DCBB1 /* PhotosViewController.swift in Sources */ = {isa = PBXBuildFile; fileRef = 03AA61E72B0B98E5003DCBB1 /* PhotosViewController.swift */; };
		03AA61F72B0B9F6B003DCBB1 /* FriendsTableViewCell.swift in Sources */ = {isa = PBXBuildFile; fileRef = 03AA61F62B0B9F6B003DCBB1 /* FriendsTableViewCell.swift */; };
		03AA61F92B0B9FF7003DCBB1 /* GroupTableViewCell.swift in Sources */ = {isa = PBXBuildFile; fileRef = 03AA61F82B0B9FF7003DCBB1 /* GroupTableViewCell.swift */; };
		03AA61FB2B0BA04B003DCBB1 /* PhotosCollectionViewCell.swift in Sources */ = {isa = PBXBuildFile; fileRef = 03AA61FA2B0BA04B003DCBB1 /* PhotosCollectionViewCell.swift */; };
		03FB99D52B151F0700D0CAF6 /* Response.swift in Sources */ = {isa = PBXBuildFile; fileRef = 03FB99D42B151F0700D0CAF6 /* Response.swift */; };
		03FFA5742B04F6720043861E /* AppDelegate.swift in Sources */ = {isa = PBXBuildFile; fileRef = 03FFA5732B04F6720043861E /* AppDelegate.swift */; };
		03FFA5762B04F6720043861E /* SceneDelegate.swift in Sources */ = {isa = PBXBuildFile; fileRef = 03FFA5752B04F6720043861E /* SceneDelegate.swift */; };
		03FFA5782B04F6720043861E /* LoginViewController.swift in Sources */ = {isa = PBXBuildFile; fileRef = 03FFA5772B04F6720043861E /* LoginViewController.swift */; };
		03FFA57D2B04F6750043861E /* Assets.xcassets in Resources */ = {isa = PBXBuildFile; fileRef = 03FFA57C2B04F6750043861E /* Assets.xcassets */; };
		03FFA5802B04F6750043861E /* LaunchScreen.storyboard in Resources */ = {isa = PBXBuildFile; fileRef = 03FFA57E2B04F6750043861E /* LaunchScreen.storyboard */; };
		03FFA58D2B04FD9D0043861E /* ExtensionColor.swift in Sources */ = {isa = PBXBuildFile; fileRef = 03FFA58C2B04FD9D0043861E /* ExtensionColor.swift */; };
		03FFBEFA2B0CFA3A00ECFDF3 /* AuthorizationViewController.swift in Sources */ = {isa = PBXBuildFile; fileRef = 03FFBEF92B0CFA3A00ECFDF3 /* AuthorizationViewController.swift */; };
		03FFBEFE2B0D00CE00ECFDF3 /* Session.swift in Sources */ = {isa = PBXBuildFile; fileRef = 03FFBEFD2B0D00CE00ECFDF3 /* Session.swift */; };
/* End PBXBuildFile section */

/* Begin PBXFileReference section */
		03194D382B0BB2B500E7BB92 /* ChatViewController.swift */ = {isa = PBXFileReference; lastKnownFileType = sourcecode.swift; path = ChatViewController.swift; sourceTree = "<group>"; };
		03194D3A2B0BB33600E7BB92 /* ChatTextTableViewCell.swift */ = {isa = PBXFileReference; lastKnownFileType = sourcecode.swift; path = ChatTextTableViewCell.swift; sourceTree = "<group>"; };
		033B9EA72B14806B00806675 /* Friends.swift */ = {isa = PBXFileReference; lastKnownFileType = sourcecode.swift; path = Friends.swift; sourceTree = "<group>"; };
		033B9EAD2B14AD7B00806675 /* UIImageView+Extension.swift */ = {isa = PBXFileReference; lastKnownFileType = sourcecode.swift; path = "UIImageView+Extension.swift"; sourceTree = "<group>"; };
		033B9EAF2B14D29500806675 /* Groups.swift */ = {isa = PBXFileReference; lastKnownFileType = sourcecode.swift; path = Groups.swift; sourceTree = "<group>"; };
		033B9EB12B14D95700806675 /* Photo.swift */ = {isa = PBXFileReference; lastKnownFileType = sourcecode.swift; path = Photo.swift; sourceTree = "<group>"; };
		034D933F2B0E2B1200699010 /* VKApi.swift */ = {isa = PBXFileReference; lastKnownFileType = sourcecode.swift; path = VKApi.swift; sourceTree = "<group>"; };
		03AA61E32B0B98C2003DCBB1 /* FriendsViewController.swift */ = {isa = PBXFileReference; lastKnownFileType = sourcecode.swift; path = FriendsViewController.swift; sourceTree = "<group>"; };
		03AA61E52B0B98D5003DCBB1 /* GroupsViewController.swift */ = {isa = PBXFileReference; lastKnownFileType = sourcecode.swift; path = GroupsViewController.swift; sourceTree = "<group>"; };
		03AA61E72B0B98E5003DCBB1 /* PhotosViewController.swift */ = {isa = PBXFileReference; lastKnownFileType = sourcecode.swift; path = PhotosViewController.swift; sourceTree = "<group>"; };
		03AA61F62B0B9F6B003DCBB1 /* FriendsTableViewCell.swift */ = {isa = PBXFileReference; lastKnownFileType = sourcecode.swift; path = FriendsTableViewCell.swift; sourceTree = "<group>"; };
		03AA61F82B0B9FF7003DCBB1 /* GroupTableViewCell.swift */ = {isa = PBXFileReference; lastKnownFileType = sourcecode.swift; path = GroupTableViewCell.swift; sourceTree = "<group>"; };
		03AA61FA2B0BA04B003DCBB1 /* PhotosCollectionViewCell.swift */ = {isa = PBXFileReference; lastKnownFileType = sourcecode.swift; path = PhotosCollectionViewCell.swift; sourceTree = "<group>"; };
		03FB99D42B151F0700D0CAF6 /* Response.swift */ = {isa = PBXFileReference; lastKnownFileType = sourcecode.swift; path = Response.swift; sourceTree = "<group>"; };
		03FFA5702B04F6720043861E /* VK.app */ = {isa = PBXFileReference; explicitFileType = wrapper.application; includeInIndex = 0; path = VK.app; sourceTree = BUILT_PRODUCTS_DIR; };
		03FFA5732B04F6720043861E /* AppDelegate.swift */ = {isa = PBXFileReference; lastKnownFileType = sourcecode.swift; path = AppDelegate.swift; sourceTree = "<group>"; };
		03FFA5752B04F6720043861E /* SceneDelegate.swift */ = {isa = PBXFileReference; lastKnownFileType = sourcecode.swift; path = SceneDelegate.swift; sourceTree = "<group>"; };
		03FFA5772B04F6720043861E /* LoginViewController.swift */ = {isa = PBXFileReference; lastKnownFileType = sourcecode.swift; path = LoginViewController.swift; sourceTree = "<group>"; };
		03FFA57C2B04F6750043861E /* Assets.xcassets */ = {isa = PBXFileReference; lastKnownFileType = folder.assetcatalog; path = Assets.xcassets; sourceTree = "<group>"; };
		03FFA57F2B04F6750043861E /* Base */ = {isa = PBXFileReference; lastKnownFileType = file.storyboard; name = Base; path = Base.lproj/LaunchScreen.storyboard; sourceTree = "<group>"; };
		03FFA5812B04F6750043861E /* Info.plist */ = {isa = PBXFileReference; lastKnownFileType = text.plist.xml; path = Info.plist; sourceTree = "<group>"; };
		03FFA58C2B04FD9D0043861E /* ExtensionColor.swift */ = {isa = PBXFileReference; lastKnownFileType = sourcecode.swift; path = ExtensionColor.swift; sourceTree = "<group>"; };
		03FFBEF92B0CFA3A00ECFDF3 /* AuthorizationViewController.swift */ = {isa = PBXFileReference; lastKnownFileType = sourcecode.swift; path = AuthorizationViewController.swift; sourceTree = "<group>"; };
		03FFBEFD2B0D00CE00ECFDF3 /* Session.swift */ = {isa = PBXFileReference; lastKnownFileType = sourcecode.swift; path = Session.swift; sourceTree = "<group>"; };
/* End PBXFileReference section */

/* Begin PBXFrameworksBuildPhase section */
		03FFA56D2B04F6720043861E /* Frameworks */ = {
			isa = PBXFrameworksBuildPhase;
			buildActionMask = 2147483647;
			files = (
			);
			runOnlyForDeploymentPostprocessing = 0;
		};
/* End PBXFrameworksBuildPhase section */

/* Begin PBXGroup section */
		033B9EA62B14805700806675 /* Model */ = {
			isa = PBXGroup;
			children = (
				033B9EA72B14806B00806675 /* Friends.swift */,
				033B9EAF2B14D29500806675 /* Groups.swift */,
				033B9EB12B14D95700806675 /* Photo.swift */,
			);
			path = Model;
			sourceTree = "<group>";
		};
		03AA61F32B0B9F26003DCBB1 /* View */ = {
			isa = PBXGroup;
			children = (
				03AA61F42B0B9F32003DCBB1 /* Cells */,
			);
			path = View;
			sourceTree = "<group>";
		};
		03AA61F42B0B9F32003DCBB1 /* Cells */ = {
			isa = PBXGroup;
			children = (
				03AA61F62B0B9F6B003DCBB1 /* FriendsTableViewCell.swift */,
				03AA61F82B0B9FF7003DCBB1 /* GroupTableViewCell.swift */,
				03AA61FA2B0BA04B003DCBB1 /* PhotosCollectionViewCell.swift */,
				03194D3A2B0BB33600E7BB92 /* ChatTextTableViewCell.swift */,
			);
			path = Cells;
			sourceTree = "<group>";
		};
		03FFA5672B04F6720043861E = {
			isa = PBXGroup;
			children = (
				03FFA5722B04F6720043861E /* VK */,
				03FFA5712B04F6720043861E /* Products */,
			);
			sourceTree = "<group>";
		};
		03FFA5712B04F6720043861E /* Products */ = {
			isa = PBXGroup;
			children = (
				03FFA5702B04F6720043861E /* VK.app */,
			);
			name = Products;
			sourceTree = "<group>";
		};
		03FFA5722B04F6720043861E /* VK */ = {
			isa = PBXGroup;
			children = (
				033B9EA62B14805700806675 /* Model */,
				03FFBEFF2B0D079000ECFDF3 /* Network */,
				03AA61F32B0B9F26003DCBB1 /* View */,
				03FFA58B2B04FD6F0043861E /* Helpers */,
				03FFA5872B04FA000043861E /* Controllers */,
				03FFA5732B04F6720043861E /* AppDelegate.swift */,
				03FFA5752B04F6720043861E /* SceneDelegate.swift */,
				03FFA57C2B04F6750043861E /* Assets.xcassets */,
				03FFA57E2B04F6750043861E /* LaunchScreen.storyboard */,
				03FFA5812B04F6750043861E /* Info.plist */,
			);
			path = VK;
			sourceTree = "<group>";
		};
		03FFA5872B04FA000043861E /* Controllers */ = {
			isa = PBXGroup;
			children = (
				03FFBEF92B0CFA3A00ECFDF3 /* AuthorizationViewController.swift */,
				03FFA5772B04F6720043861E /* LoginViewController.swift */,
				03AA61E32B0B98C2003DCBB1 /* FriendsViewController.swift */,
				03AA61E52B0B98D5003DCBB1 /* GroupsViewController.swift */,
				03AA61E72B0B98E5003DCBB1 /* PhotosViewController.swift */,
				03194D382B0BB2B500E7BB92 /* ChatViewController.swift */,
			);
			path = Controllers;
			sourceTree = "<group>";
		};
		03FFA58B2B04FD6F0043861E /* Helpers */ = {
			isa = PBXGroup;
			children = (
				03FFA58C2B04FD9D0043861E /* ExtensionColor.swift */,
				03FFBEFD2B0D00CE00ECFDF3 /* Session.swift */,
				033B9EAD2B14AD7B00806675 /* UIImageView+Extension.swift */,
			);
			path = Helpers;
			sourceTree = "<group>";
		};
		03FFBEFF2B0D079000ECFDF3 /* Network */ = {
			isa = PBXGroup;
			children = (
				03FB99D42B151F0700D0CAF6 /* Response.swift */,
				034D933F2B0E2B1200699010 /* VKApi.swift */,
			);
			path = Network;
			sourceTree = "<group>";
		};
/* End PBXGroup section */

/* Begin PBXNativeTarget section */
		03FFA56F2B04F6720043861E /* VK */ = {
			isa = PBXNativeTarget;
			buildConfigurationList = 03FFA5842B04F6750043861E /* Build configuration list for PBXNativeTarget "VK" */;
			buildPhases = (
				03FFA56C2B04F6720043861E /* Sources */,
				03FFA56D2B04F6720043861E /* Frameworks */,
				03FFA56E2B04F6720043861E /* Resources */,
			);
			buildRules = (
			);
			dependencies = (
			);
			name = VK;
			productName = VK;
			productReference = 03FFA5702B04F6720043861E /* VK.app */;
			productType = "com.apple.product-type.application";
		};
/* End PBXNativeTarget section */

/* Begin PBXProject section */
		03FFA5682B04F6720043861E /* Project object */ = {
			isa = PBXProject;
			attributes = {
				BuildIndependentTargetsInParallel = 1;
				LastSwiftUpdateCheck = 1500;
				LastUpgradeCheck = 1500;
				TargetAttributes = {
					03FFA56F2B04F6720043861E = {
						CreatedOnToolsVersion = 15.0.1;
					};
				};
			};
			buildConfigurationList = 03FFA56B2B04F6720043861E /* Build configuration list for PBXProject "VK" */;
			compatibilityVersion = "Xcode 14.0";
			developmentRegion = en;
			hasScannedForEncodings = 0;
			knownRegions = (
				en,
				Base,
			);
			mainGroup = 03FFA5672B04F6720043861E;
			productRefGroup = 03FFA5712B04F6720043861E /* Products */;
			projectDirPath = "";
			projectRoot = "";
			targets = (
				03FFA56F2B04F6720043861E /* VK */,
			);
		};
/* End PBXProject section */

/* Begin PBXResourcesBuildPhase section */
		03FFA56E2B04F6720043861E /* Resources */ = {
			isa = PBXResourcesBuildPhase;
			buildActionMask = 2147483647;
			files = (
				03FFA5802B04F6750043861E /* LaunchScreen.storyboard in Resources */,
				03FFA57D2B04F6750043861E /* Assets.xcassets in Resources */,
			);
			runOnlyForDeploymentPostprocessing = 0;
		};
/* End PBXResourcesBuildPhase section */

/* Begin PBXSourcesBuildPhase section */
		03FFA56C2B04F6720043861E /* Sources */ = {
			isa = PBXSourcesBuildPhase;
			buildActionMask = 2147483647;
			files = (
				034D93402B0E2B1200699010 /* VKApi.swift in Sources */,
				03FFBEFE2B0D00CE00ECFDF3 /* Session.swift in Sources */,
				03AA61F92B0B9FF7003DCBB1 /* GroupTableViewCell.swift in Sources */,
				03FB99D52B151F0700D0CAF6 /* Response.swift in Sources */,
				033B9EA82B14806B00806675 /* Friends.swift in Sources */,
				033B9EB22B14D95700806675 /* Photo.swift in Sources */,
				03AA61FB2B0BA04B003DCBB1 /* PhotosCollectionViewCell.swift in Sources */,
				03194D392B0BB2B500E7BB92 /* ChatViewController.swift in Sources */,
				03AA61E62B0B98D5003DCBB1 /* GroupsViewController.swift in Sources */,
				03AA61E82B0B98E5003DCBB1 /* PhotosViewController.swift in Sources */,
				03FFBEFA2B0CFA3A00ECFDF3 /* AuthorizationViewController.swift in Sources */,
				03FFA5782B04F6720043861E /* LoginViewController.swift in Sources */,
				03AA61F72B0B9F6B003DCBB1 /* FriendsTableViewCell.swift in Sources */,
				03FFA5742B04F6720043861E /* AppDelegate.swift in Sources */,
				033B9EAE2B14AD7B00806675 /* UIImageView+Extension.swift in Sources */,
				033B9EB02B14D29500806675 /* Groups.swift in Sources */,
				03FFA5762B04F6720043861E /* SceneDelegate.swift in Sources */,
				03194D3B2B0BB33600E7BB92 /* ChatTextTableViewCell.swift in Sources */,
				03AA61E42B0B98C2003DCBB1 /* FriendsViewController.swift in Sources */,
				03FFA58D2B04FD9D0043861E /* ExtensionColor.swift in Sources */,
			);
			runOnlyForDeploymentPostprocessing = 0;
		};
/* End PBXSourcesBuildPhase section */

/* Begin PBXVariantGroup section */
		03FFA57E2B04F6750043861E /* LaunchScreen.storyboard */ = {
			isa = PBXVariantGroup;
			children = (
				03FFA57F2B04F6750043861E /* Base */,
			);
			name = LaunchScreen.storyboard;
			sourceTree = "<group>";
		};
/* End PBXVariantGroup section */

/* Begin XCBuildConfiguration section */
		03FFA5822B04F6750043861E /* Debug */ = {
			isa = XCBuildConfiguration;
			buildSettings = {
				ALWAYS_SEARCH_USER_PATHS = NO;
				ASSETCATALOG_COMPILER_GENERATE_SWIFT_ASSET_SYMBOL_EXTENSIONS = YES;
				CLANG_ANALYZER_NONNULL = YES;
				CLANG_ANALYZER_NUMBER_OBJECT_CONVERSION = YES_AGGRESSIVE;
				CLANG_CXX_LANGUAGE_STANDARD = "gnu++20";
				CLANG_ENABLE_MODULES = YES;
				CLANG_ENABLE_OBJC_ARC = YES;
				CLANG_ENABLE_OBJC_WEAK = YES;
				CLANG_WARN_BLOCK_CAPTURE_AUTORELEASING = YES;
				CLANG_WARN_BOOL_CONVERSION = YES;
				CLANG_WARN_COMMA = YES;
				CLANG_WARN_CONSTANT_CONVERSION = YES;
				CLANG_WARN_DEPRECATED_OBJC_IMPLEMENTATIONS = YES;
				CLANG_WARN_DIRECT_OBJC_ISA_USAGE = YES_ERROR;
				CLANG_WARN_DOCUMENTATION_COMMENTS = YES;
				CLANG_WARN_EMPTY_BODY = YES;
				CLANG_WARN_ENUM_CONVERSION = YES;
				CLANG_WARN_INFINITE_RECURSION = YES;
				CLANG_WARN_INT_CONVERSION = YES;
				CLANG_WARN_NON_LITERAL_NULL_CONVERSION = YES;
				CLANG_WARN_OBJC_IMPLICIT_RETAIN_SELF = YES;
				CLANG_WARN_OBJC_LITERAL_CONVERSION = YES;
				CLANG_WARN_OBJC_ROOT_CLASS = YES_ERROR;
				CLANG_WARN_QUOTED_INCLUDE_IN_FRAMEWORK_HEADER = YES;
				CLANG_WARN_RANGE_LOOP_ANALYSIS = YES;
				CLANG_WARN_STRICT_PROTOTYPES = YES;
				CLANG_WARN_SUSPICIOUS_MOVE = YES;
				CLANG_WARN_UNGUARDED_AVAILABILITY = YES_AGGRESSIVE;
				CLANG_WARN_UNREACHABLE_CODE = YES;
				CLANG_WARN__DUPLICATE_METHOD_MATCH = YES;
				COPY_PHASE_STRIP = NO;
				DEBUG_INFORMATION_FORMAT = dwarf;
				ENABLE_STRICT_OBJC_MSGSEND = YES;
				ENABLE_TESTABILITY = YES;
				ENABLE_USER_SCRIPT_SANDBOXING = YES;
				GCC_C_LANGUAGE_STANDARD = gnu17;
				GCC_DYNAMIC_NO_PIC = NO;
				GCC_NO_COMMON_BLOCKS = YES;
				GCC_OPTIMIZATION_LEVEL = 0;
				GCC_PREPROCESSOR_DEFINITIONS = (
					"DEBUG=1",
					"$(inherited)",
				);
				GCC_WARN_64_TO_32_BIT_CONVERSION = YES;
				GCC_WARN_ABOUT_RETURN_TYPE = YES_ERROR;
				GCC_WARN_UNDECLARED_SELECTOR = YES;
				GCC_WARN_UNINITIALIZED_AUTOS = YES_AGGRESSIVE;
				GCC_WARN_UNUSED_FUNCTION = YES;
				GCC_WARN_UNUSED_VARIABLE = YES;
				IPHONEOS_DEPLOYMENT_TARGET = 17.0;
				LOCALIZATION_PREFERS_STRING_CATALOGS = YES;
				MTL_ENABLE_DEBUG_INFO = INCLUDE_SOURCE;
				MTL_FAST_MATH = YES;
				ONLY_ACTIVE_ARCH = YES;
				SDKROOT = iphoneos;
				SWIFT_ACTIVE_COMPILATION_CONDITIONS = "DEBUG $(inherited)";
				SWIFT_OPTIMIZATION_LEVEL = "-Onone";
			};
			name = Debug;
		};
		03FFA5832B04F6750043861E /* Release */ = {
			isa = XCBuildConfiguration;
			buildSettings = {
				ALWAYS_SEARCH_USER_PATHS = NO;
				ASSETCATALOG_COMPILER_GENERATE_SWIFT_ASSET_SYMBOL_EXTENSIONS = YES;
				CLANG_ANALYZER_NONNULL = YES;
				CLANG_ANALYZER_NUMBER_OBJECT_CONVERSION = YES_AGGRESSIVE;
				CLANG_CXX_LANGUAGE_STANDARD = "gnu++20";
				CLANG_ENABLE_MODULES = YES;
				CLANG_ENABLE_OBJC_ARC = YES;
				CLANG_ENABLE_OBJC_WEAK = YES;
				CLANG_WARN_BLOCK_CAPTURE_AUTORELEASING = YES;
				CLANG_WARN_BOOL_CONVERSION = YES;
				CLANG_WARN_COMMA = YES;
				CLANG_WARN_CONSTANT_CONVERSION = YES;
				CLANG_WARN_DEPRECATED_OBJC_IMPLEMENTATIONS = YES;
				CLANG_WARN_DIRECT_OBJC_ISA_USAGE = YES_ERROR;
				CLANG_WARN_DOCUMENTATION_COMMENTS = YES;
				CLANG_WARN_EMPTY_BODY = YES;
				CLANG_WARN_ENUM_CONVERSION = YES;
				CLANG_WARN_INFINITE_RECURSION = YES;
				CLANG_WARN_INT_CONVERSION = YES;
				CLANG_WARN_NON_LITERAL_NULL_CONVERSION = YES;
				CLANG_WARN_OBJC_IMPLICIT_RETAIN_SELF = YES;
				CLANG_WARN_OBJC_LITERAL_CONVERSION = YES;
				CLANG_WARN_OBJC_ROOT_CLASS = YES_ERROR;
				CLANG_WARN_QUOTED_INCLUDE_IN_FRAMEWORK_HEADER = YES;
				CLANG_WARN_RANGE_LOOP_ANALYSIS = YES;
				CLANG_WARN_STRICT_PROTOTYPES = YES;
				CLANG_WARN_SUSPICIOUS_MOVE = YES;
				CLANG_WARN_UNGUARDED_AVAILABILITY = YES_AGGRESSIVE;
				CLANG_WARN_UNREACHABLE_CODE = YES;
				CLANG_WARN__DUPLICATE_METHOD_MATCH = YES;
				COPY_PHASE_STRIP = NO;
				DEBUG_INFORMATION_FORMAT = "dwarf-with-dsym";
				ENABLE_NS_ASSERTIONS = NO;
				ENABLE_STRICT_OBJC_MSGSEND = YES;
				ENABLE_USER_SCRIPT_SANDBOXING = YES;
				GCC_C_LANGUAGE_STANDARD = gnu17;
				GCC_NO_COMMON_BLOCKS = YES;
				GCC_WARN_64_TO_32_BIT_CONVERSION = YES;
				GCC_WARN_ABOUT_RETURN_TYPE = YES_ERROR;
				GCC_WARN_UNDECLARED_SELECTOR = YES;
				GCC_WARN_UNINITIALIZED_AUTOS = YES_AGGRESSIVE;
				GCC_WARN_UNUSED_FUNCTION = YES;
				GCC_WARN_UNUSED_VARIABLE = YES;
				IPHONEOS_DEPLOYMENT_TARGET = 17.0;
				LOCALIZATION_PREFERS_STRING_CATALOGS = YES;
				MTL_ENABLE_DEBUG_INFO = NO;
				MTL_FAST_MATH = YES;
				SDKROOT = iphoneos;
				SWIFT_COMPILATION_MODE = wholemodule;
				VALIDATE_PRODUCT = YES;
			};
			name = Release;
		};
		03FFA5852B04F6750043861E /* Debug */ = {
			isa = XCBuildConfiguration;
			buildSettings = {
				ASSETCATALOG_COMPILER_APPICON_NAME = AppIcon;
				ASSETCATALOG_COMPILER_GLOBAL_ACCENT_COLOR_NAME = AccentColor;
				CODE_SIGN_STYLE = Automatic;
				CURRENT_PROJECT_VERSION = 1;
				DEVELOPMENT_TEAM = 27HNUHGL83;
				GENERATE_INFOPLIST_FILE = YES;
				INFOPLIST_FILE = VK/Info.plist;
				INFOPLIST_KEY_UIApplicationSupportsIndirectInputEvents = YES;
				INFOPLIST_KEY_UILaunchStoryboardName = LaunchScreen;
				INFOPLIST_KEY_UISupportedInterfaceOrientations_iPad = "UIInterfaceOrientationPortrait UIInterfaceOrientationPortraitUpsideDown UIInterfaceOrientationLandscapeLeft UIInterfaceOrientationLandscapeRight";
				INFOPLIST_KEY_UISupportedInterfaceOrientations_iPhone = "UIInterfaceOrientationPortrait UIInterfaceOrientationLandscapeLeft UIInterfaceOrientationLandscapeRight";
				LD_RUNPATH_SEARCH_PATHS = (
					"$(inherited)",
					"@executable_path/Frameworks",
				);
				MARKETING_VERSION = 1.0;
				PRODUCT_BUNDLE_IDENTIFIER = "com.mihail.chertov-gmail.com.VK";
				PRODUCT_NAME = "$(TARGET_NAME)";
				SWIFT_EMIT_LOC_STRINGS = YES;
				SWIFT_VERSION = 5.0;
				TARGETED_DEVICE_FAMILY = "1,2";
			};
			name = Debug;
		};
		03FFA5862B04F6750043861E /* Release */ = {
			isa = XCBuildConfiguration;
			buildSettings = {
				ASSETCATALOG_COMPILER_APPICON_NAME = AppIcon;
				ASSETCATALOG_COMPILER_GLOBAL_ACCENT_COLOR_NAME = AccentColor;
				CODE_SIGN_STYLE = Automatic;
				CURRENT_PROJECT_VERSION = 1;
				DEVELOPMENT_TEAM = 27HNUHGL83;
				GENERATE_INFOPLIST_FILE = YES;
				INFOPLIST_FILE = VK/Info.plist;
				INFOPLIST_KEY_UIApplicationSupportsIndirectInputEvents = YES;
				INFOPLIST_KEY_UILaunchStoryboardName = LaunchScreen;
				INFOPLIST_KEY_UISupportedInterfaceOrientations_iPad = "UIInterfaceOrientationPortrait UIInterfaceOrientationPortraitUpsideDown UIInterfaceOrientationLandscapeLeft UIInterfaceOrientationLandscapeRight";
				INFOPLIST_KEY_UISupportedInterfaceOrientations_iPhone = "UIInterfaceOrientationPortrait UIInterfaceOrientationLandscapeLeft UIInterfaceOrientationLandscapeRight";
				LD_RUNPATH_SEARCH_PATHS = (
					"$(inherited)",
					"@executable_path/Frameworks",
				);
				MARKETING_VERSION = 1.0;
				PRODUCT_BUNDLE_IDENTIFIER = "com.mihail.chertov-gmail.com.VK";
				PRODUCT_NAME = "$(TARGET_NAME)";
				SWIFT_EMIT_LOC_STRINGS = YES;
				SWIFT_VERSION = 5.0;
				TARGETED_DEVICE_FAMILY = "1,2";
			};
			name = Release;
		};
/* End XCBuildConfiguration section */

/* Begin XCConfigurationList section */
		03FFA56B2B04F6720043861E /* Build configuration list for PBXProject "VK" */ = {
			isa = XCConfigurationList;
			buildConfigurations = (
				03FFA5822B04F6750043861E /* Debug */,
				03FFA5832B04F6750043861E /* Release */,
			);
			defaultConfigurationIsVisible = 0;
			defaultConfigurationName = Release;
		};
		03FFA5842B04F6750043861E /* Build configuration list for PBXNativeTarget "VK" */ = {
			isa = XCConfigurationList;
			buildConfigurations = (
				03FFA5852B04F6750043861E /* Debug */,
				03FFA5862B04F6750043861E /* Release */,
			);
			defaultConfigurationIsVisible = 0;
			defaultConfigurationName = Release;
		};
/* End XCConfigurationList section */
	};
	rootObject = 03FFA5682B04F6720043861E /* Project object */;
}
