// !$*UTF8*$!
{
	archiveVersion = 1;
	classes = {
	};
	objectVersion = 50;
	objects = {

/* Begin PBXBuildFile section */
		0362E5F525A24025005FC1AA /* ShadowRoundView.swift in Sources */ = {isa = PBXBuildFile; fileRef = 0362E5F425A24025005FC1AA /* ShadowRoundView.swift */; };
		03708E98259A18D50080A30C /* User.swift in Sources */ = {isa = PBXBuildFile; fileRef = 03708E97259A18D50080A30C /* User.swift */; };
		03708EA0259A18E50080A30C /* Group.swift in Sources */ = {isa = PBXBuildFile; fileRef = 03708E9F259A18E50080A30C /* Group.swift */; };
		03708EA6259A1AC90080A30C /* TableViewCell.xib in Resources */ = {isa = PBXBuildFile; fileRef = 03708EA5259A1AC90080A30C /* TableViewCell.xib */; };
		03708EAB259A1BF50080A30C /* TableViewCell.swift in Sources */ = {isa = PBXBuildFile; fileRef = 03708EAA259A1BF50080A30C /* TableViewCell.swift */; };
		03708EB3259A20070080A30C /* FriendsViewController.swift in Sources */ = {isa = PBXBuildFile; fileRef = 03708EB2259A20070080A30C /* FriendsViewController.swift */; };
		03708EB8259A216E0080A30C /* UserData.swift in Sources */ = {isa = PBXBuildFile; fileRef = 03708EB7259A216E0080A30C /* UserData.swift */; };
		03708EBD259A27F80080A30C /* FriendsPhotoViewController.swift in Sources */ = {isa = PBXBuildFile; fileRef = 03708EBC259A27F80080A30C /* FriendsPhotoViewController.swift */; };
		03708EC7259A52580080A30C /* PhotoCollectionViewCell.swift in Sources */ = {isa = PBXBuildFile; fileRef = 03708EC6259A52580080A30C /* PhotoCollectionViewCell.swift */; };
		03708ED0259B48E80080A30C /* MyGroupViewController.swift in Sources */ = {isa = PBXBuildFile; fileRef = 03708ECF259B48E80080A30C /* MyGroupViewController.swift */; };
		03708ED5259B48FD0080A30C /* AllGroupViewController.swift in Sources */ = {isa = PBXBuildFile; fileRef = 03708ED4259B48FD0080A30C /* AllGroupViewController.swift */; };
		03708EDA259B4B1F0080A30C /* GroupData.swift in Sources */ = {isa = PBXBuildFile; fileRef = 03708ED9259B4B1F0080A30C /* GroupData.swift */; };
		039E6263258FD58D00772156 /* AppDelegate.swift in Sources */ = {isa = PBXBuildFile; fileRef = 039E6262258FD58D00772156 /* AppDelegate.swift */; };
		039E6265258FD58D00772156 /* SceneDelegate.swift in Sources */ = {isa = PBXBuildFile; fileRef = 039E6264258FD58D00772156 /* SceneDelegate.swift */; };
		039E6267258FD58D00772156 /* ViewController.swift in Sources */ = {isa = PBXBuildFile; fileRef = 039E6266258FD58D00772156 /* ViewController.swift */; };
		039E626A258FD58D00772156 /* Main.storyboard in Resources */ = {isa = PBXBuildFile; fileRef = 039E6268258FD58D00772156 /* Main.storyboard */; };
		039E626C258FD58E00772156 /* Assets.xcassets in Resources */ = {isa = PBXBuildFile; fileRef = 039E626B258FD58E00772156 /* Assets.xcassets */; };
		039E626F258FD58E00772156 /* LaunchScreen.storyboard in Resources */ = {isa = PBXBuildFile; fileRef = 039E626D258FD58E00772156 /* LaunchScreen.storyboard */; };
		039E627A258FD58E00772156 /* VKTests.swift in Sources */ = {isa = PBXBuildFile; fileRef = 039E6279258FD58E00772156 /* VKTests.swift */; };
		039E6285258FD58E00772156 /* VKUITests.swift in Sources */ = {isa = PBXBuildFile; fileRef = 039E6284258FD58E00772156 /* VKUITests.swift */; };
		039E6297258FDB2500772156 /* LoginViewController.swift in Sources */ = {isa = PBXBuildFile; fileRef = 039E6296258FDB2500772156 /* LoginViewController.swift */; };
/* End PBXBuildFile section */

/* Begin PBXContainerItemProxy section */
		039E6276258FD58E00772156 /* PBXContainerItemProxy */ = {
			isa = PBXContainerItemProxy;
			containerPortal = 039E6257258FD58D00772156 /* Project object */;
			proxyType = 1;
			remoteGlobalIDString = 039E625E258FD58D00772156;
			remoteInfo = VK;
		};
		039E6281258FD58E00772156 /* PBXContainerItemProxy */ = {
			isa = PBXContainerItemProxy;
			containerPortal = 039E6257258FD58D00772156 /* Project object */;
			proxyType = 1;
			remoteGlobalIDString = 039E625E258FD58D00772156;
			remoteInfo = VK;
		};
/* End PBXContainerItemProxy section */

/* Begin PBXFileReference section */
		0362E5F425A24025005FC1AA /* ShadowRoundView.swift */ = {isa = PBXFileReference; lastKnownFileType = sourcecode.swift; path = ShadowRoundView.swift; sourceTree = "<group>"; };
		03708E97259A18D50080A30C /* User.swift */ = {isa = PBXFileReference; lastKnownFileType = sourcecode.swift; path = User.swift; sourceTree = "<group>"; };
		03708E9F259A18E50080A30C /* Group.swift */ = {isa = PBXFileReference; lastKnownFileType = sourcecode.swift; path = Group.swift; sourceTree = "<group>"; };
		03708EA5259A1AC90080A30C /* TableViewCell.xib */ = {isa = PBXFileReference; lastKnownFileType = file.xib; path = TableViewCell.xib; sourceTree = "<group>"; };
		03708EAA259A1BF50080A30C /* TableViewCell.swift */ = {isa = PBXFileReference; lastKnownFileType = sourcecode.swift; path = TableViewCell.swift; sourceTree = "<group>"; };
		03708EB2259A20070080A30C /* FriendsViewController.swift */ = {isa = PBXFileReference; lastKnownFileType = sourcecode.swift; path = FriendsViewController.swift; sourceTree = "<group>"; };
		03708EB7259A216E0080A30C /* UserData.swift */ = {isa = PBXFileReference; lastKnownFileType = sourcecode.swift; path = UserData.swift; sourceTree = "<group>"; };
		03708EBC259A27F80080A30C /* FriendsPhotoViewController.swift */ = {isa = PBXFileReference; lastKnownFileType = sourcecode.swift; path = FriendsPhotoViewController.swift; sourceTree = "<group>"; };
		03708EC6259A52580080A30C /* PhotoCollectionViewCell.swift */ = {isa = PBXFileReference; lastKnownFileType = sourcecode.swift; path = PhotoCollectionViewCell.swift; sourceTree = "<group>"; };
		03708ECF259B48E80080A30C /* MyGroupViewController.swift */ = {isa = PBXFileReference; lastKnownFileType = sourcecode.swift; path = MyGroupViewController.swift; sourceTree = "<group>"; };
		03708ED4259B48FD0080A30C /* AllGroupViewController.swift */ = {isa = PBXFileReference; lastKnownFileType = sourcecode.swift; path = AllGroupViewController.swift; sourceTree = "<group>"; };
		03708ED9259B4B1F0080A30C /* GroupData.swift */ = {isa = PBXFileReference; lastKnownFileType = sourcecode.swift; path = GroupData.swift; sourceTree = "<group>"; };
		039E625F258FD58D00772156 /* VK.app */ = {isa = PBXFileReference; explicitFileType = wrapper.application; includeInIndex = 0; path = VK.app; sourceTree = BUILT_PRODUCTS_DIR; };
		039E6262258FD58D00772156 /* AppDelegate.swift */ = {isa = PBXFileReference; lastKnownFileType = sourcecode.swift; path = AppDelegate.swift; sourceTree = "<group>"; };
		039E6264258FD58D00772156 /* SceneDelegate.swift */ = {isa = PBXFileReference; lastKnownFileType = sourcecode.swift; path = SceneDelegate.swift; sourceTree = "<group>"; };
		039E6266258FD58D00772156 /* ViewController.swift */ = {isa = PBXFileReference; lastKnownFileType = sourcecode.swift; path = ViewController.swift; sourceTree = "<group>"; };
		039E6269258FD58D00772156 /* Base */ = {isa = PBXFileReference; lastKnownFileType = file.storyboard; name = Base; path = Base.lproj/Main.storyboard; sourceTree = "<group>"; };
		039E626B258FD58E00772156 /* Assets.xcassets */ = {isa = PBXFileReference; lastKnownFileType = folder.assetcatalog; path = Assets.xcassets; sourceTree = "<group>"; };
		039E626E258FD58E00772156 /* Base */ = {isa = PBXFileReference; lastKnownFileType = file.storyboard; name = Base; path = Base.lproj/LaunchScreen.storyboard; sourceTree = "<group>"; };
		039E6270258FD58E00772156 /* Info.plist */ = {isa = PBXFileReference; lastKnownFileType = text.plist.xml; path = Info.plist; sourceTree = "<group>"; };
		039E6275258FD58E00772156 /* VKTests.xctest */ = {isa = PBXFileReference; explicitFileType = wrapper.cfbundle; includeInIndex = 0; path = VKTests.xctest; sourceTree = BUILT_PRODUCTS_DIR; };
		039E6279258FD58E00772156 /* VKTests.swift */ = {isa = PBXFileReference; lastKnownFileType = sourcecode.swift; path = VKTests.swift; sourceTree = "<group>"; };
		039E627B258FD58E00772156 /* Info.plist */ = {isa = PBXFileReference; lastKnownFileType = text.plist.xml; path = Info.plist; sourceTree = "<group>"; };
		039E6280258FD58E00772156 /* VKUITests.xctest */ = {isa = PBXFileReference; explicitFileType = wrapper.cfbundle; includeInIndex = 0; path = VKUITests.xctest; sourceTree = BUILT_PRODUCTS_DIR; };
		039E6284258FD58E00772156 /* VKUITests.swift */ = {isa = PBXFileReference; lastKnownFileType = sourcecode.swift; path = VKUITests.swift; sourceTree = "<group>"; };
		039E6286258FD58E00772156 /* Info.plist */ = {isa = PBXFileReference; lastKnownFileType = text.plist.xml; path = Info.plist; sourceTree = "<group>"; };
		039E6296258FDB2500772156 /* LoginViewController.swift */ = {isa = PBXFileReference; lastKnownFileType = sourcecode.swift; path = LoginViewController.swift; sourceTree = "<group>"; };
/* End PBXFileReference section */

/* Begin PBXFrameworksBuildPhase section */
		039E625C258FD58D00772156 /* Frameworks */ = {
			isa = PBXFrameworksBuildPhase;
			buildActionMask = 2147483647;
			files = (
			);
			runOnlyForDeploymentPostprocessing = 0;
		};
		039E6272258FD58E00772156 /* Frameworks */ = {
			isa = PBXFrameworksBuildPhase;
			buildActionMask = 2147483647;
			files = (
			);
			runOnlyForDeploymentPostprocessing = 0;
		};
		039E627D258FD58E00772156 /* Frameworks */ = {
			isa = PBXFrameworksBuildPhase;
			buildActionMask = 2147483647;
			files = (
			);
			runOnlyForDeploymentPostprocessing = 0;
		};
/* End PBXFrameworksBuildPhase section */

/* Begin PBXGroup section */
		0362E5F325A23FFC005FC1AA /* View */ = {
			isa = PBXGroup;
			children = (
				0362E5F425A24025005FC1AA /* ShadowRoundView.swift */,
			);
			path = View;
			sourceTree = "<group>";
		};
		03708E96259A18A50080A30C /* Model */ = {
			isa = PBXGroup;
			children = (
				03708E97259A18D50080A30C /* User.swift */,
				03708E9F259A18E50080A30C /* Group.swift */,
				03708EB7259A216E0080A30C /* UserData.swift */,
				03708ED9259B4B1F0080A30C /* GroupData.swift */,
			);
			path = Model;
			sourceTree = "<group>";
		};
		03708EA4259A1AA50080A30C /* Cell */ = {
			isa = PBXGroup;
			children = (
				03708EA5259A1AC90080A30C /* TableViewCell.xib */,
				03708EAA259A1BF50080A30C /* TableViewCell.swift */,
				03708EC6259A52580080A30C /* PhotoCollectionViewCell.swift */,
			);
			path = Cell;
			sourceTree = "<group>";
		};
		039E6256258FD58D00772156 = {
			isa = PBXGroup;
			children = (
				039E6261258FD58D00772156 /* VK */,
				039E6278258FD58E00772156 /* VKTests */,
				039E6283258FD58E00772156 /* VKUITests */,
				039E6260258FD58D00772156 /* Products */,
			);
			sourceTree = "<group>";
		};
		039E6260258FD58D00772156 /* Products */ = {
			isa = PBXGroup;
			children = (
				039E625F258FD58D00772156 /* VK.app */,
				039E6275258FD58E00772156 /* VKTests.xctest */,
				039E6280258FD58E00772156 /* VKUITests.xctest */,
			);
			name = Products;
			sourceTree = "<group>";
		};
		039E6261258FD58D00772156 /* VK */ = {
			isa = PBXGroup;
			children = (
				0362E5F325A23FFC005FC1AA /* View */,
				03708EA4259A1AA50080A30C /* Cell */,
				03708E96259A18A50080A30C /* Model */,
				039E6295258FDB0100772156 /* Controller */,
				039E6262258FD58D00772156 /* AppDelegate.swift */,
				039E6264258FD58D00772156 /* SceneDelegate.swift */,
				039E6266258FD58D00772156 /* ViewController.swift */,
				039E6268258FD58D00772156 /* Main.storyboard */,
				039E626B258FD58E00772156 /* Assets.xcassets */,
				039E626D258FD58E00772156 /* LaunchScreen.storyboard */,
				039E6270258FD58E00772156 /* Info.plist */,
			);
			path = VK;
			sourceTree = "<group>";
		};
		039E6278258FD58E00772156 /* VKTests */ = {
			isa = PBXGroup;
			children = (
				039E6279258FD58E00772156 /* VKTests.swift */,
				039E627B258FD58E00772156 /* Info.plist */,
			);
			path = VKTests;
			sourceTree = "<group>";
		};
		039E6283258FD58E00772156 /* VKUITests */ = {
			isa = PBXGroup;
			children = (
				039E6284258FD58E00772156 /* VKUITests.swift */,
				039E6286258FD58E00772156 /* Info.plist */,
			);
			path = VKUITests;
			sourceTree = "<group>";
		};
		039E6295258FDB0100772156 /* Controller */ = {
			isa = PBXGroup;
			children = (
				039E6296258FDB2500772156 /* LoginViewController.swift */,
				03708EB2259A20070080A30C /* FriendsViewController.swift */,
				03708EBC259A27F80080A30C /* FriendsPhotoViewController.swift */,
				03708ECF259B48E80080A30C /* MyGroupViewController.swift */,
				03708ED4259B48FD0080A30C /* AllGroupViewController.swift */,
			);
			path = Controller;
			sourceTree = "<group>";
		};
/* End PBXGroup section */

/* Begin PBXNativeTarget section */
		039E625E258FD58D00772156 /* VK */ = {
			isa = PBXNativeTarget;
			buildConfigurationList = 039E6289258FD58E00772156 /* Build configuration list for PBXNativeTarget "VK" */;
			buildPhases = (
				039E625B258FD58D00772156 /* Sources */,
				039E625C258FD58D00772156 /* Frameworks */,
				039E625D258FD58D00772156 /* Resources */,
			);
			buildRules = (
			);
			dependencies = (
			);
			name = VK;
			productName = VK;
			productReference = 039E625F258FD58D00772156 /* VK.app */;
			productType = "com.apple.product-type.application";
		};
		039E6274258FD58E00772156 /* VKTests */ = {
			isa = PBXNativeTarget;
			buildConfigurationList = 039E628C258FD58E00772156 /* Build configuration list for PBXNativeTarget "VKTests" */;
			buildPhases = (
				039E6271258FD58E00772156 /* Sources */,
				039E6272258FD58E00772156 /* Frameworks */,
				039E6273258FD58E00772156 /* Resources */,
			);
			buildRules = (
			);
			dependencies = (
				039E6277258FD58E00772156 /* PBXTargetDependency */,
			);
			name = VKTests;
			productName = VKTests;
			productReference = 039E6275258FD58E00772156 /* VKTests.xctest */;
			productType = "com.apple.product-type.bundle.unit-test";
		};
		039E627F258FD58E00772156 /* VKUITests */ = {
			isa = PBXNativeTarget;
			buildConfigurationList = 039E628F258FD58E00772156 /* Build configuration list for PBXNativeTarget "VKUITests" */;
			buildPhases = (
				039E627C258FD58E00772156 /* Sources */,
				039E627D258FD58E00772156 /* Frameworks */,
				039E627E258FD58E00772156 /* Resources */,
			);
			buildRules = (
			);
			dependencies = (
				039E6282258FD58E00772156 /* PBXTargetDependency */,
			);
			name = VKUITests;
			productName = VKUITests;
			productReference = 039E6280258FD58E00772156 /* VKUITests.xctest */;
			productType = "com.apple.product-type.bundle.ui-testing";
		};
/* End PBXNativeTarget section */

/* Begin PBXProject section */
		039E6257258FD58D00772156 /* Project object */ = {
			isa = PBXProject;
			attributes = {
				LastSwiftUpdateCheck = 1230;
				LastUpgradeCheck = 1230;
				TargetAttributes = {
					039E625E258FD58D00772156 = {
						CreatedOnToolsVersion = 12.3;
					};
					039E6274258FD58E00772156 = {
						CreatedOnToolsVersion = 12.3;
						TestTargetID = 039E625E258FD58D00772156;
					};
					039E627F258FD58E00772156 = {
						CreatedOnToolsVersion = 12.3;
						TestTargetID = 039E625E258FD58D00772156;
					};
				};
			};
			buildConfigurationList = 039E625A258FD58D00772156 /* Build configuration list for PBXProject "VK" */;
			compatibilityVersion = "Xcode 9.3";
			developmentRegion = en;
			hasScannedForEncodings = 0;
			knownRegions = (
				en,
				Base,
			);
			mainGroup = 039E6256258FD58D00772156;
			productRefGroup = 039E6260258FD58D00772156 /* Products */;
			projectDirPath = "";
			projectRoot = "";
			targets = (
				039E625E258FD58D00772156 /* VK */,
				039E6274258FD58E00772156 /* VKTests */,
				039E627F258FD58E00772156 /* VKUITests */,
			);
		};
/* End PBXProject section */

/* Begin PBXResourcesBuildPhase section */
		039E625D258FD58D00772156 /* Resources */ = {
			isa = PBXResourcesBuildPhase;
			buildActionMask = 2147483647;
			files = (
				039E626F258FD58E00772156 /* LaunchScreen.storyboard in Resources */,
				03708EA6259A1AC90080A30C /* TableViewCell.xib in Resources */,
				039E626C258FD58E00772156 /* Assets.xcassets in Resources */,
				039E626A258FD58D00772156 /* Main.storyboard in Resources */,
			);
			runOnlyForDeploymentPostprocessing = 0;
		};
		039E6273258FD58E00772156 /* Resources */ = {
			isa = PBXResourcesBuildPhase;
			buildActionMask = 2147483647;
			files = (
			);
			runOnlyForDeploymentPostprocessing = 0;
		};
		039E627E258FD58E00772156 /* Resources */ = {
			isa = PBXResourcesBuildPhase;
			buildActionMask = 2147483647;
			files = (
			);
			runOnlyForDeploymentPostprocessing = 0;
		};
/* End PBXResourcesBuildPhase section */

/* Begin PBXSourcesBuildPhase section */
		039E625B258FD58D00772156 /* Sources */ = {
			isa = PBXSourcesBuildPhase;
			buildActionMask = 2147483647;
			files = (
				03708ED0259B48E80080A30C /* MyGroupViewController.swift in Sources */,
				0362E5F525A24025005FC1AA /* ShadowRoundView.swift in Sources */,
				03708EB3259A20070080A30C /* FriendsViewController.swift in Sources */,
				039E6297258FDB2500772156 /* LoginViewController.swift in Sources */,
				03708EDA259B4B1F0080A30C /* GroupData.swift in Sources */,
				039E6267258FD58D00772156 /* ViewController.swift in Sources */,
				03708EB8259A216E0080A30C /* UserData.swift in Sources */,
				039E6263258FD58D00772156 /* AppDelegate.swift in Sources */,
				03708EA0259A18E50080A30C /* Group.swift in Sources */,
				03708E98259A18D50080A30C /* User.swift in Sources */,
				03708EAB259A1BF50080A30C /* TableViewCell.swift in Sources */,
				03708EBD259A27F80080A30C /* FriendsPhotoViewController.swift in Sources */,
				03708ED5259B48FD0080A30C /* AllGroupViewController.swift in Sources */,
				03708EC7259A52580080A30C /* PhotoCollectionViewCell.swift in Sources */,
				039E6265258FD58D00772156 /* SceneDelegate.swift in Sources */,
			);
			runOnlyForDeploymentPostprocessing = 0;
		};
		039E6271258FD58E00772156 /* Sources */ = {
			isa = PBXSourcesBuildPhase;
			buildActionMask = 2147483647;
			files = (
				039E627A258FD58E00772156 /* VKTests.swift in Sources */,
			);
			runOnlyForDeploymentPostprocessing = 0;
		};
		039E627C258FD58E00772156 /* Sources */ = {
			isa = PBXSourcesBuildPhase;
			buildActionMask = 2147483647;
			files = (
				039E6285258FD58E00772156 /* VKUITests.swift in Sources */,
			);
			runOnlyForDeploymentPostprocessing = 0;
		};
/* End PBXSourcesBuildPhase section */

/* Begin PBXTargetDependency section */
		039E6277258FD58E00772156 /* PBXTargetDependency */ = {
			isa = PBXTargetDependency;
			target = 039E625E258FD58D00772156 /* VK */;
			targetProxy = 039E6276258FD58E00772156 /* PBXContainerItemProxy */;
		};
		039E6282258FD58E00772156 /* PBXTargetDependency */ = {
			isa = PBXTargetDependency;
			target = 039E625E258FD58D00772156 /* VK */;
			targetProxy = 039E6281258FD58E00772156 /* PBXContainerItemProxy */;
		};
/* End PBXTargetDependency section */

/* Begin PBXVariantGroup section */
		039E6268258FD58D00772156 /* Main.storyboard */ = {
			isa = PBXVariantGroup;
			children = (
				039E6269258FD58D00772156 /* Base */,
			);
			name = Main.storyboard;
			sourceTree = "<group>";
		};
		039E626D258FD58E00772156 /* LaunchScreen.storyboard */ = {
			isa = PBXVariantGroup;
			children = (
				039E626E258FD58E00772156 /* Base */,
			);
			name = LaunchScreen.storyboard;
			sourceTree = "<group>";
		};
/* End PBXVariantGroup section */

/* Begin XCBuildConfiguration section */
		039E6287258FD58E00772156 /* Debug */ = {
			isa = XCBuildConfiguration;
			buildSettings = {
				ALWAYS_SEARCH_USER_PATHS = NO;
				CLANG_ANALYZER_NONNULL = YES;
				CLANG_ANALYZER_NUMBER_OBJECT_CONVERSION = YES_AGGRESSIVE;
				CLANG_CXX_LANGUAGE_STANDARD = "gnu++14";
				CLANG_CXX_LIBRARY = "libc++";
				CLANG_ENABLE_MODULES = YES;
				CLANG_ENABLE_OBJC_ARC = YES;
				CLANG_ENABLE_OBJC_WEAK = YES;
				CLANG_WARN_BLOCK_CAPTURE_AUTORELEASING = YES;
				CLANG_WARN_BOOL_CONVERSION = YES;
				CLANG_WARN_COMMA = YES;
				CLANG_WARN_CONSTANT_CONVERSION = YES;
				CLANG_WARN_DEPRECATED_OBJC_IMPLEMENTATIONS = YES;
				CLANG_WARN_DIRECT_OBJC_ISA_USAGE = YES_ERROR;
				CLANG_WARN_DOCUMENTATION_COMMENTS = YES;
				CLANG_WARN_EMPTY_BODY = YES;
				CLANG_WARN_ENUM_CONVERSION = YES;
				CLANG_WARN_INFINITE_RECURSION = YES;
				CLANG_WARN_INT_CONVERSION = YES;
				CLANG_WARN_NON_LITERAL_NULL_CONVERSION = YES;
				CLANG_WARN_OBJC_IMPLICIT_RETAIN_SELF = YES;
				CLANG_WARN_OBJC_LITERAL_CONVERSION = YES;
				CLANG_WARN_OBJC_ROOT_CLASS = YES_ERROR;
				CLANG_WARN_QUOTED_INCLUDE_IN_FRAMEWORK_HEADER = YES;
				CLANG_WARN_RANGE_LOOP_ANALYSIS = YES;
				CLANG_WARN_STRICT_PROTOTYPES = YES;
				CLANG_WARN_SUSPICIOUS_MOVE = YES;
				CLANG_WARN_UNGUARDED_AVAILABILITY = YES_AGGRESSIVE;
				CLANG_WARN_UNREACHABLE_CODE = YES;
				CLANG_WARN__DUPLICATE_METHOD_MATCH = YES;
				COPY_PHASE_STRIP = NO;
				DEBUG_INFORMATION_FORMAT = dwarf;
				ENABLE_STRICT_OBJC_MSGSEND = YES;
				ENABLE_TESTABILITY = YES;
				GCC_C_LANGUAGE_STANDARD = gnu11;
				GCC_DYNAMIC_NO_PIC = NO;
				GCC_NO_COMMON_BLOCKS = YES;
				GCC_OPTIMIZATION_LEVEL = 0;
				GCC_PREPROCESSOR_DEFINITIONS = (
					"DEBUG=1",
					"$(inherited)",
				);
				GCC_WARN_64_TO_32_BIT_CONVERSION = YES;
				GCC_WARN_ABOUT_RETURN_TYPE = YES_ERROR;
				GCC_WARN_UNDECLARED_SELECTOR = YES;
				GCC_WARN_UNINITIALIZED_AUTOS = YES_AGGRESSIVE;
				GCC_WARN_UNUSED_FUNCTION = YES;
				GCC_WARN_UNUSED_VARIABLE = YES;
				IPHONEOS_DEPLOYMENT_TARGET = 14.3;
				MTL_ENABLE_DEBUG_INFO = INCLUDE_SOURCE;
				MTL_FAST_MATH = YES;
				ONLY_ACTIVE_ARCH = YES;
				SDKROOT = iphoneos;
				SWIFT_ACTIVE_COMPILATION_CONDITIONS = DEBUG;
				SWIFT_OPTIMIZATION_LEVEL = "-Onone";
			};
			name = Debug;
		};
		039E6288258FD58E00772156 /* Release */ = {
			isa = XCBuildConfiguration;
			buildSettings = {
				ALWAYS_SEARCH_USER_PATHS = NO;
				CLANG_ANALYZER_NONNULL = YES;
				CLANG_ANALYZER_NUMBER_OBJECT_CONVERSION = YES_AGGRESSIVE;
				CLANG_CXX_LANGUAGE_STANDARD = "gnu++14";
				CLANG_CXX_LIBRARY = "libc++";
				CLANG_ENABLE_MODULES = YES;
				CLANG_ENABLE_OBJC_ARC = YES;
				CLANG_ENABLE_OBJC_WEAK = YES;
				CLANG_WARN_BLOCK_CAPTURE_AUTORELEASING = YES;
				CLANG_WARN_BOOL_CONVERSION = YES;
				CLANG_WARN_COMMA = YES;
				CLANG_WARN_CONSTANT_CONVERSION = YES;
				CLANG_WARN_DEPRECATED_OBJC_IMPLEMENTATIONS = YES;
				CLANG_WARN_DIRECT_OBJC_ISA_USAGE = YES_ERROR;
				CLANG_WARN_DOCUMENTATION_COMMENTS = YES;
				CLANG_WARN_EMPTY_BODY = YES;
				CLANG_WARN_ENUM_CONVERSION = YES;
				CLANG_WARN_INFINITE_RECURSION = YES;
				CLANG_WARN_INT_CONVERSION = YES;
				CLANG_WARN_NON_LITERAL_NULL_CONVERSION = YES;
				CLANG_WARN_OBJC_IMPLICIT_RETAIN_SELF = YES;
				CLANG_WARN_OBJC_LITERAL_CONVERSION = YES;
				CLANG_WARN_OBJC_ROOT_CLASS = YES_ERROR;
				CLANG_WARN_QUOTED_INCLUDE_IN_FRAMEWORK_HEADER = YES;
				CLANG_WARN_RANGE_LOOP_ANALYSIS = YES;
				CLANG_WARN_STRICT_PROTOTYPES = YES;
				CLANG_WARN_SUSPICIOUS_MOVE = YES;
				CLANG_WARN_UNGUARDED_AVAILABILITY = YES_AGGRESSIVE;
				CLANG_WARN_UNREACHABLE_CODE = YES;
				CLANG_WARN__DUPLICATE_METHOD_MATCH = YES;
				COPY_PHASE_STRIP = NO;
				DEBUG_INFORMATION_FORMAT = "dwarf-with-dsym";
				ENABLE_NS_ASSERTIONS = NO;
				ENABLE_STRICT_OBJC_MSGSEND = YES;
				GCC_C_LANGUAGE_STANDARD = gnu11;
				GCC_NO_COMMON_BLOCKS = YES;
				GCC_WARN_64_TO_32_BIT_CONVERSION = YES;
				GCC_WARN_ABOUT_RETURN_TYPE = YES_ERROR;
				GCC_WARN_UNDECLARED_SELECTOR = YES;
				GCC_WARN_UNINITIALIZED_AUTOS = YES_AGGRESSIVE;
				GCC_WARN_UNUSED_FUNCTION = YES;
				GCC_WARN_UNUSED_VARIABLE = YES;
				IPHONEOS_DEPLOYMENT_TARGET = 14.3;
				MTL_ENABLE_DEBUG_INFO = NO;
				MTL_FAST_MATH = YES;
				SDKROOT = iphoneos;
				SWIFT_COMPILATION_MODE = wholemodule;
				SWIFT_OPTIMIZATION_LEVEL = "-O";
				VALIDATE_PRODUCT = YES;
			};
			name = Release;
		};
		039E628A258FD58E00772156 /* Debug */ = {
			isa = XCBuildConfiguration;
			buildSettings = {
				ASSETCATALOG_COMPILER_APPICON_NAME = AppIcon;
				ASSETCATALOG_COMPILER_GLOBAL_ACCENT_COLOR_NAME = AccentColor;
				CODE_SIGN_STYLE = Automatic;
				INFOPLIST_FILE = VK/Info.plist;
				LD_RUNPATH_SEARCH_PATHS = (
					"$(inherited)",
					"@executable_path/Frameworks",
				);
				PRODUCT_BUNDLE_IDENTIFIER = com.mihailchertov.VK;
				PRODUCT_NAME = "$(TARGET_NAME)";
				SWIFT_VERSION = 5.0;
				TARGETED_DEVICE_FAMILY = "1,2";
			};
			name = Debug;
		};
		039E628B258FD58E00772156 /* Release */ = {
			isa = XCBuildConfiguration;
			buildSettings = {
				ASSETCATALOG_COMPILER_APPICON_NAME = AppIcon;
				ASSETCATALOG_COMPILER_GLOBAL_ACCENT_COLOR_NAME = AccentColor;
				CODE_SIGN_STYLE = Automatic;
				INFOPLIST_FILE = VK/Info.plist;
				LD_RUNPATH_SEARCH_PATHS = (
					"$(inherited)",
					"@executable_path/Frameworks",
				);
				PRODUCT_BUNDLE_IDENTIFIER = com.mihailchertov.VK;
				PRODUCT_NAME = "$(TARGET_NAME)";
				SWIFT_VERSION = 5.0;
				TARGETED_DEVICE_FAMILY = "1,2";
			};
			name = Release;
		};
		039E628D258FD58E00772156 /* Debug */ = {
			isa = XCBuildConfiguration;
			buildSettings = {
				ALWAYS_EMBED_SWIFT_STANDARD_LIBRARIES = YES;
				BUNDLE_LOADER = "$(TEST_HOST)";
				CODE_SIGN_STYLE = Automatic;
				INFOPLIST_FILE = VKTests/Info.plist;
				IPHONEOS_DEPLOYMENT_TARGET = 14.3;
				LD_RUNPATH_SEARCH_PATHS = (
					"$(inherited)",
					"@executable_path/Frameworks",
					"@loader_path/Frameworks",
				);
				PRODUCT_BUNDLE_IDENTIFIER = com.mihailchertov.VKTests;
				PRODUCT_NAME = "$(TARGET_NAME)";
				SWIFT_VERSION = 5.0;
				TARGETED_DEVICE_FAMILY = "1,2";
				TEST_HOST = "$(BUILT_PRODUCTS_DIR)/VK.app/VK";
			};
			name = Debug;
		};
		039E628E258FD58E00772156 /* Release */ = {
			isa = XCBuildConfiguration;
			buildSettings = {
				ALWAYS_EMBED_SWIFT_STANDARD_LIBRARIES = YES;
				BUNDLE_LOADER = "$(TEST_HOST)";
				CODE_SIGN_STYLE = Automatic;
				INFOPLIST_FILE = VKTests/Info.plist;
				IPHONEOS_DEPLOYMENT_TARGET = 14.3;
				LD_RUNPATH_SEARCH_PATHS = (
					"$(inherited)",
					"@executable_path/Frameworks",
					"@loader_path/Frameworks",
				);
				PRODUCT_BUNDLE_IDENTIFIER = com.mihailchertov.VKTests;
				PRODUCT_NAME = "$(TARGET_NAME)";
				SWIFT_VERSION = 5.0;
				TARGETED_DEVICE_FAMILY = "1,2";
				TEST_HOST = "$(BUILT_PRODUCTS_DIR)/VK.app/VK";
			};
			name = Release;
		};
		039E6290258FD58E00772156 /* Debug */ = {
			isa = XCBuildConfiguration;
			buildSettings = {
				ALWAYS_EMBED_SWIFT_STANDARD_LIBRARIES = YES;
				CODE_SIGN_STYLE = Automatic;
				INFOPLIST_FILE = VKUITests/Info.plist;
				LD_RUNPATH_SEARCH_PATHS = (
					"$(inherited)",
					"@executable_path/Frameworks",
					"@loader_path/Frameworks",
				);
				PRODUCT_BUNDLE_IDENTIFIER = com.mihailchertov.VKUITests;
				PRODUCT_NAME = "$(TARGET_NAME)";
				SWIFT_VERSION = 5.0;
				TARGETED_DEVICE_FAMILY = "1,2";
				TEST_TARGET_NAME = VK;
			};
			name = Debug;
		};
		039E6291258FD58E00772156 /* Release */ = {
			isa = XCBuildConfiguration;
			buildSettings = {
				ALWAYS_EMBED_SWIFT_STANDARD_LIBRARIES = YES;
				CODE_SIGN_STYLE = Automatic;
				INFOPLIST_FILE = VKUITests/Info.plist;
				LD_RUNPATH_SEARCH_PATHS = (
					"$(inherited)",
					"@executable_path/Frameworks",
					"@loader_path/Frameworks",
				);
				PRODUCT_BUNDLE_IDENTIFIER = com.mihailchertov.VKUITests;
				PRODUCT_NAME = "$(TARGET_NAME)";
				SWIFT_VERSION = 5.0;
				TARGETED_DEVICE_FAMILY = "1,2";
				TEST_TARGET_NAME = VK;
			};
			name = Release;
		};
/* End XCBuildConfiguration section */

/* Begin XCConfigurationList section */
		039E625A258FD58D00772156 /* Build configuration list for PBXProject "VK" */ = {
			isa = XCConfigurationList;
			buildConfigurations = (
				039E6287258FD58E00772156 /* Debug */,
				039E6288258FD58E00772156 /* Release */,
			);
			defaultConfigurationIsVisible = 0;
			defaultConfigurationName = Release;
		};
		039E6289258FD58E00772156 /* Build configuration list for PBXNativeTarget "VK" */ = {
			isa = XCConfigurationList;
			buildConfigurations = (
				039E628A258FD58E00772156 /* Debug */,
				039E628B258FD58E00772156 /* Release */,
			);
			defaultConfigurationIsVisible = 0;
			defaultConfigurationName = Release;
		};
		039E628C258FD58E00772156 /* Build configuration list for PBXNativeTarget "VKTests" */ = {
			isa = XCConfigurationList;
			buildConfigurations = (
				039E628D258FD58E00772156 /* Debug */,
				039E628E258FD58E00772156 /* Release */,
			);
			defaultConfigurationIsVisible = 0;
			defaultConfigurationName = Release;
		};
		039E628F258FD58E00772156 /* Build configuration list for PBXNativeTarget "VKUITests" */ = {
			isa = XCConfigurationList;
			buildConfigurations = (
				039E6290258FD58E00772156 /* Debug */,
				039E6291258FD58E00772156 /* Release */,
			);
			defaultConfigurationIsVisible = 0;
			defaultConfigurationName = Release;
		};
/* End XCConfigurationList section */
	};
	rootObject = 039E6257258FD58D00772156 /* Project object */;
}
